
Microsoft Visual Studio Solution File, Format Version 12.00
# Visual Studio Version 17
VisualStudioVersion = 17.3.32611.2
MinimumVisualStudioVersion = 10.0.40219.1
Project("{FAE04EC0-301F-11D3-BF4B-00C04F79EFBC}") = "DemoEssentials.UWP", "DemoEssentials\DemoEssentials.UWP\DemoEssentials.UWP.csproj", "{5D0E3988-6BAC-42D8-9C37-75D62EFF4AF2}"
EndProject
Project("{FAE04EC0-301F-11D3-BF4B-00C04F79EFBC}") = "DemoEssentials.Android", "DemoEssentials\DemoEssentials.Android\DemoEssentials.Android.csproj", "{C8027FA8-18C6-4B57-9E34-2D490C439768}"
EndProject
Project("{FAE04EC0-301F-11D3-BF4B-00C04F79EFBC}") = "DemoEssentials.iOS", "DemoEssentials\DemoEssentials.iOS\DemoEssentials.iOS.csproj", "{EC3ED735-2DCB-4A0D-AB1A-D1784FB908CB}"
EndProject
Project("{FAE04EC0-301F-11D3-BF4B-00C04F79EFBC}") = "DemoEssentials", "DemoEssentials\DemoEssentials\DemoEssentials.csproj", "{B6EFDCB7-34AE-4FB7-A4AF-F587AD3AC3F5}"
EndProject
Global
	GlobalSection(SolutionConfigurationPlatforms) = preSolution
		Debug|Any CPU = Debug|Any CPU
		Debug|ARM = Debug|ARM
		Debug|iPhone = Debug|iPhone
		Debug|iPhoneSimulator = Debug|iPhoneSimulator
		Debug|x64 = Debug|x64
		Debug|x86 = Debug|x86
		Release|Any CPU = Release|Any CPU
		Release|ARM = Release|ARM
		Release|iPhone = Release|iPhone
		Release|iPhoneSimulator = Release|iPhoneSimulator
		Release|x64 = Release|x64
		Release|x86 = Release|x86
	EndGlobalSection
	GlobalSection(ProjectConfigurationPlatforms) = postSolution
		{5D0E3988-6BAC-42D8-9C37-75D62EFF4AF2}.Debug|Any CPU.ActiveCfg = Debug|x64
		{5D0E3988-6BAC-42D8-9C37-75D62EFF4AF2}.Debug|Any CPU.Build.0 = Debug|x64
		{5D0E3988-6BAC-42D8-9C37-75D62EFF4AF2}.Debug|Any CPU.Deploy.0 = Debug|x64
		{5D0E3988-6BAC-42D8-9C37-75D62EFF4AF2}.Debug|ARM.ActiveCfg = Debug|ARM
		{5D0E3988-6BAC-42D8-9C37-75D62EFF4AF2}.Debug|ARM.Build.0 = Debug|ARM
		{5D0E3988-6BAC-42D8-9C37-75D62EFF4AF2}.Debug|ARM.Deploy.0 = Debug|ARM
		{5D0E3988-6BAC-42D8-9C37-75D62EFF4AF2}.Debug|iPhone.ActiveCfg = Debug|x64
		{5D0E3988-6BAC-42D8-9C37-75D62EFF4AF2}.Debug|iPhone.Build.0 = Debug|x64
		{5D0E3988-6BAC-42D8-9C37-75D62EFF4AF2}.Debug|iPhone.Deploy.0 = Debug|x64
		{5D0E3988-6BAC-42D8-9C37-75D62EFF4AF2}.Debug|iPhoneSimulator.ActiveCfg = Debug|x64
		{5D0E3988-6BAC-42D8-9C37-75D62EFF4AF2}.Debug|iPhoneSimulator.Build.0 = Debug|x64
		{5D0E3988-6BAC-42D8-9C37-75D62EFF4AF2}.Debug|iPhoneSimulator.Deploy.0 = Debug|x64
		{5D0E3988-6BAC-42D8-9C37-75D62EFF4AF2}.Debug|x64.ActiveCfg = Debug|x64
		{5D0E3988-6BAC-42D8-9C37-75D62EFF4AF2}.Debug|x64.Build.0 = Debug|x64
		{5D0E3988-6BAC-42D8-9C37-75D62EFF4AF2}.Debug|x64.Deploy.0 = Debug|x64
		{5D0E3988-6BAC-42D8-9C37-75D62EFF4AF2}.Debug|x86.ActiveCfg = Debug|x86
		{5D0E3988-6BAC-42D8-9C37-75D62EFF4AF2}.Debug|x86.Build.0 = Debug|x86
		{5D0E3988-6BAC-42D8-9C37-75D62EFF4AF2}.Debug|x86.Deploy.0 = Debug|x86
		{5D0E3988-6BAC-42D8-9C37-75D62EFF4AF2}.Release|Any CPU.ActiveCfg = Release|x64
		{5D0E3988-6BAC-42D8-9C37-75D62EFF4AF2}.Release|Any CPU.Build.0 = Release|x64
		{5D0E3988-6BAC-42D8-9C37-75D62EFF4AF2}.Release|Any CPU.Deploy.0 = Release|x64
		{5D0E3988-6BAC-42D8-9C37-75D62EFF4AF2}.Release|ARM.ActiveCfg = Release|ARM
		{5D0E3988-6BAC-42D8-9C37-75D62EFF4AF2}.Release|ARM.Build.0 = Release|ARM
		{5D0E3988-6BAC-42D8-9C37-75D62EFF4AF2}.Release|ARM.Deploy.0 = Release|ARM
		{5D0E3988-6BAC-42D8-9C37-75D62EFF4AF2}.Release|iPhone.ActiveCfg = Release|x64
		{5D0E3988-6BAC-42D8-9C37-75D62EFF4AF2}.Release|iPhone.Build.0 = Release|x64
		{5D0E3988-6BAC-42D8-9C37-75D62EFF4AF2}.Release|iPhone.Deploy.0 = Release|x64
		{5D0E3988-6BAC-42D8-9C37-75D62EFF4AF2}.Release|iPhoneSimulator.ActiveCfg = Release|x64
		{5D0E3988-6BAC-42D8-9C37-75D62EFF4AF2}.Release|iPhoneSimulator.Build.0 = Release|x64
		{5D0E3988-6BAC-42D8-9C37-75D62EFF4AF2}.Release|iPhoneSimulator.Deploy.0 = Release|x64
		{5D0E3988-6BAC-42D8-9C37-75D62EFF4AF2}.Release|x64.ActiveCfg = Release|x64
		{5D0E3988-6BAC-42D8-9C37-75D62EFF4AF2}.Release|x64.Build.0 = Release|x64
		{5D0E3988-6BAC-42D8-9C37-75D62EFF4AF2}.Release|x64.Deploy.0 = Release|x64
		{5D0E3988-6BAC-42D8-9C37-75D62EFF4AF2}.Release|x86.ActiveCfg = Release|x86
		{5D0E3988-6BAC-42D8-9C37-75D62EFF4AF2}.Release|x86.Build.0 = Release|x86
		{5D0E3988-6BAC-42D8-9C37-75D62EFF4AF2}.Release|x86.Deploy.0 = Release|x86
		{C8027FA8-18C6-4B57-9E34-2D490C439768}.Debug|Any CPU.ActiveCfg = Debug|Any CPU
		{C8027FA8-18C6-4B57-9E34-2D490C439768}.Debug|Any CPU.Build.0 = Debug|Any CPU
		{C8027FA8-18C6-4B57-9E34-2D490C439768}.Debug|Any CPU.Deploy.0 = Debug|Any CPU
		{C8027FA8-18C6-4B57-9E34-2D490C439768}.Debug|ARM.ActiveCfg = Debug|Any CPU
		{C8027FA8-18C6-4B57-9E34-2D490C439768}.Debug|ARM.Build.0 = Debug|Any CPU
		{C8027FA8-18C6-4B57-9E34-2D490C439768}.Debug|ARM.Deploy.0 = Debug|Any CPU
		{C8027FA8-18C6-4B57-9E34-2D490C439768}.Debug|iPhone.ActiveCfg = Debug|Any CPU
		{C8027FA8-18C6-4B57-9E34-2D490C439768}.Debug|iPhone.Build.0 = Debug|Any CPU
		{C8027FA8-18C6-4B57-9E34-2D490C439768}.Debug|iPhone.Deploy.0 = Debug|Any CPU
		{C8027FA8-18C6-4B57-9E34-2D490C439768}.Debug|iPhoneSimulator.ActiveCfg = Debug|Any CPU
		{C8027FA8-18C6-4B57-9E34-2D490C439768}.Debug|iPhoneSimulator.Build.0 = Debug|Any CPU
		{C8027FA8-18C6-4B57-9E34-2D490C439768}.Debug|iPhoneSimulator.Deploy.0 = Debug|Any CPU
		{C8027FA8-18C6-4B57-9E34-2D490C439768}.Debug|x64.ActiveCfg = Debug|Any CPU
		{C8027FA8-18C6-4B57-9E34-2D490C439768}.Debug|x64.Build.0 = Debug|Any CPU
		{C8027FA8-18C6-4B57-9E34-2D490C439768}.Debug|x64.Deploy.0 = Debug|Any CPU
		{C8027FA8-18C6-4B57-9E34-2D490C439768}.Debug|x86.ActiveCfg = Debug|Any CPU
		{C8027FA8-18C6-4B57-9E34-2D490C439768}.Debug|x86.Build.0 = Debug|Any CPU
		{C8027FA8-18C6-4B57-9E34-2D490C439768}.Debug|x86.Deploy.0 = Debug|Any CPU
		{C8027FA8-18C6-4B57-9E34-2D490C439768}.Release|Any CPU.ActiveCfg = Release|Any CPU
		{C8027FA8-18C6-4B57-9E34-2D490C439768}.Release|Any CPU.Build.0 = Release|Any CPU
		{C8027FA8-18C6-4B57-9E34-2D490C439768}.Release|Any CPU.Deploy.0 = Release|Any CPU
		{C8027FA8-18C6-4B57-9E34-2D490C439768}.Release|ARM.ActiveCfg = Release|Any CPU
		{C8027FA8-18C6-4B57-9E34-2D490C439768}.Release|ARM.Build.0 = Release|Any CPU
		{C8027FA8-18C6-4B57-9E34-2D490C439768}.Release|ARM.Deploy.0 = Release|Any CPU
		{C8027FA8-18C6-4B57-9E34-2D490C439768}.Release|iPhone.ActiveCfg = Release|Any CPU
		{C8027FA8-18C6-4B57-9E34-2D490C439768}.Release|iPhone.Build.0 = Release|Any CPU
		{C8027FA8-18C6-4B57-9E34-2D490C439768}.Release|iPhone.Deploy.0 = Release|Any CPU
		{C8027FA8-18C6-4B57-9E34-2D490C439768}.Release|iPhoneSimulator.ActiveCfg = Release|Any CPU
		{C8027FA8-18C6-4B57-9E34-2D490C439768}.Release|iPhoneSimulator.Build.0 = Release|Any CPU
		{C8027FA8-18C6-4B57-9E34-2D490C439768}.Release|iPhoneSimulator.Deploy.0 = Release|Any CPU
		{C8027FA8-18C6-4B57-9E34-2D490C439768}.Release|x64.ActiveCfg = Release|Any CPU
		{C8027FA8-18C6-4B57-9E34-2D490C439768}.Release|x64.Build.0 = Release|Any CPU
		{C8027FA8-18C6-4B57-9E34-2D490C439768}.Release|x64.Deploy.0 = Release|Any CPU
		{C8027FA8-18C6-4B57-9E34-2D490C439768}.Release|x86.ActiveCfg = Release|Any CPU
		{C8027FA8-18C6-4B57-9E34-2D490C439768}.Release|x86.Build.0 = Release|Any CPU
		{C8027FA8-18C6-4B57-9E34-2D490C439768}.Release|x86.Deploy.0 = Release|Any CPU
		{EC3ED735-2DCB-4A0D-AB1A-D1784FB908CB}.Debug|Any CPU.ActiveCfg = Debug|iPhoneSimulator
		{EC3ED735-2DCB-4A0D-AB1A-D1784FB908CB}.Debug|Any CPU.Build.0 = Debug|iPhoneSimulator
		{EC3ED735-2DCB-4A0D-AB1A-D1784FB908CB}.Debug|Any CPU.Deploy.0 = Debug|iPhoneSimulator
		{EC3ED735-2DCB-4A0D-AB1A-D1784FB908CB}.Debug|ARM.ActiveCfg = Debug|iPhoneSimulator
		{EC3ED735-2DCB-4A0D-AB1A-D1784FB908CB}.Debug|ARM.Build.0 = Debug|iPhoneSimulator
		{EC3ED735-2DCB-4A0D-AB1A-D1784FB908CB}.Debug|ARM.Deploy.0 = Debug|iPhoneSimulator
		{EC3ED735-2DCB-4A0D-AB1A-D1784FB908CB}.Debug|iPhone.ActiveCfg = Debug|iPhone
		{EC3ED735-2DCB-4A0D-AB1A-D1784FB908CB}.Debug|iPhone.Build.0 = Debug|iPhone
		{EC3ED735-2DCB-4A0D-AB1A-D1784FB908CB}.Debug|iPhone.Deploy.0 = Debug|iPhone
		{EC3ED735-2DCB-4A0D-AB1A-D1784FB908CB}.Debug|iPhoneSimulator.ActiveCfg = Debug|iPhoneSimulator
		{EC3ED735-2DCB-4A0D-AB1A-D1784FB908CB}.Debug|iPhoneSimulator.Build.0 = Debug|iPhoneSimulator
		{EC3ED735-2DCB-4A0D-AB1A-D1784FB908CB}.Debug|iPhoneSimulator.Deploy.0 = Debug|iPhoneSimulator
		{EC3ED735-2DCB-4A0D-AB1A-D1784FB908CB}.Debug|x64.ActiveCfg = Debug|iPhone
		{EC3ED735-2DCB-4A0D-AB1A-D1784FB908CB}.Debug|x64.Build.0 = Debug|iPhone
		{EC3ED735-2DCB-4A0D-AB1A-D1784FB908CB}.Debug|x64.Deploy.0 = Debug|iPhone
		{EC3ED735-2DCB-4A0D-AB1A-D1784FB908CB}.Debug|x86.ActiveCfg = Debug|iPhoneSimulator
		{EC3ED735-2DCB-4A0D-AB1A-D1784FB908CB}.Debug|x86.Build.0 = Debug|iPhoneSimulator
		{EC3ED735-2DCB-4A0D-AB1A-D1784FB908CB}.Debug|x86.Deploy.0 = Debug|iPhoneSimulator
		{EC3ED735-2DCB-4A0D-AB1A-D1784FB908CB}.Release|Any CPU.ActiveCfg = Release|iPhoneSimulator
		{EC3ED735-2DCB-4A0D-AB1A-D1784FB908CB}.Release|Any CPU.Build.0 = Release|iPhoneSimulator
		{EC3ED735-2DCB-4A0D-AB1A-D1784FB908CB}.Release|Any CPU.Deploy.0 = Release|iPhoneSimulator
		{EC3ED735-2DCB-4A0D-AB1A-D1784FB908CB}.Release|ARM.ActiveCfg = Release|iPhoneSimulator
		{EC3ED735-2DCB-4A0D-AB1A-D1784FB908CB}.Release|ARM.Build.0 = Release|iPhoneSimulator
		{EC3ED735-2DCB-4A0D-AB1A-D1784FB908CB}.Release|ARM.Deploy.0 = Release|iPhoneSimulator
		{EC3ED735-2DCB-4A0D-AB1A-D1784FB908CB}.Release|iPhone.ActiveCfg = Release|iPhone
		{EC3ED735-2DCB-4A0D-AB1A-D1784FB908CB}.Release|iPhone.Build.0 = Release|iPhone
		{EC3ED735-2DCB-4A0D-AB1A-D1784FB908CB}.Release|iPhone.Deploy.0 = Release|iPhone
		{EC3ED735-2DCB-4A0D-AB1A-D1784FB908CB}.Release|iPhoneSimulator.ActiveCfg = Release|iPhoneSimulator
		{EC3ED735-2DCB-4A0D-AB1A-D1784FB908CB}.Release|iPhoneSimulator.Build.0 = Release|iPhoneSimulator
		{EC3ED735-2DCB-4A0D-AB1A-D1784FB908CB}.Release|iPhoneSimulator.Deploy.0 = Release|iPhoneSimulator
		{EC3ED735-2DCB-4A0D-AB1A-D1784FB908CB}.Release|x64.ActiveCfg = Release|iPhoneSimulator
		{EC3ED735-2DCB-4A0D-AB1A-D1784FB908CB}.Release|x64.Build.0 = Release|iPhoneSimulator
		{EC3ED735-2DCB-4A0D-AB1A-D1784FB908CB}.Release|x64.Deploy.0 = Release|iPhoneSimulator
		{EC3ED735-2DCB-4A0D-AB1A-D1784FB908CB}.Release|x86.ActiveCfg = Release|iPhoneSimulator
		{EC3ED735-2DCB-4A0D-AB1A-D1784FB908CB}.Release|x86.Build.0 = Release|iPhoneSimulator
		{EC3ED735-2DCB-4A0D-AB1A-D1784FB908CB}.Release|x86.Deploy.0 = Release|iPhoneSimulator
		{B6EFDCB7-34AE-4FB7-A4AF-F587AD3AC3F5}.Debug|Any CPU.ActiveCfg = Debug|Any CPU
		{B6EFDCB7-34AE-4FB7-A4AF-F587AD3AC3F5}.Debug|Any CPU.Build.0 = Debug|Any CPU
		{B6EFDCB7-34AE-4FB7-A4AF-F587AD3AC3F5}.Debug|Any CPU.Deploy.0 = Debug|Any CPU
		{B6EFDCB7-34AE-4FB7-A4AF-F587AD3AC3F5}.Debug|ARM.ActiveCfg = Debug|Any CPU
		{B6EFDCB7-34AE-4FB7-A4AF-F587AD3AC3F5}.Debug|ARM.Build.0 = Debug|Any CPU
		{B6EFDCB7-34AE-4FB7-A4AF-F587AD3AC3F5}.Debug|ARM.Deploy.0 = Debug|Any CPU
		{B6EFDCB7-34AE-4FB7-A4AF-F587AD3AC3F5}.Debug|iPhone.ActiveCfg = Debug|Any CPU
		{B6EFDCB7-34AE-4FB7-A4AF-F587AD3AC3F5}.Debug|iPhone.Build.0 = Debug|Any CPU
		{B6EFDCB7-34AE-4FB7-A4AF-F587AD3AC3F5}.Debug|iPhone.Deploy.0 = Debug|Any CPU
		{B6EFDCB7-34AE-4FB7-A4AF-F587AD3AC3F5}.Debug|iPhoneSimulator.ActiveCfg = Debug|Any CPU
		{B6EFDCB7-34AE-4FB7-A4AF-F587AD3AC3F5}.Debug|iPhoneSimulator.Build.0 = Debug|Any CPU
		{B6EFDCB7-34AE-4FB7-A4AF-F587AD3AC3F5}.Debug|iPhoneSimulator.Deploy.0 = Debug|Any CPU
		{B6EFDCB7-34AE-4FB7-A4AF-F587AD3AC3F5}.Debug|x64.ActiveCfg = Debug|Any CPU
		{B6EFDCB7-34AE-4FB7-A4AF-F587AD3AC3F5}.Debug|x64.Build.0 = Debug|Any CPU
		{B6EFDCB7-34AE-4FB7-A4AF-F587AD3AC3F5}.Debug|x64.Deploy.0 = Debug|Any CPU
		{B6EFDCB7-34AE-4FB7-A4AF-F587AD3AC3F5}.Debug|x86.ActiveCfg = Debug|Any CPU
		{B6EFDCB7-34AE-4FB7-A4AF-F587AD3AC3F5}.Debug|x86.Build.0 = Debug|Any CPU
		{B6EFDCB7-34AE-4FB7-A4AF-F587AD3AC3F5}.Debug|x86.Deploy.0 = Debug|Any CPU
		{B6EFDCB7-34AE-4FB7-A4AF-F587AD3AC3F5}.Release|Any CPU.ActiveCfg = Release|Any CPU
		{B6EFDCB7-34AE-4FB7-A4AF-F587AD3AC3F5}.Release|Any CPU.Build.0 = Release|Any CPU
		{B6EFDCB7-34AE-4FB7-A4AF-F587AD3AC3F5}.Release|Any CPU.Deploy.0 = Release|Any CPU
		{B6EFDCB7-34AE-4FB7-A4AF-F587AD3AC3F5}.Release|ARM.ActiveCfg = Release|Any CPU
		{B6EFDCB7-34AE-4FB7-A4AF-F587AD3AC3F5}.Release|ARM.Build.0 = Release|Any CPU
		{B6EFDCB7-34AE-4FB7-A4AF-F587AD3AC3F5}.Release|ARM.Deploy.0 = Release|Any CPU
		{B6EFDCB7-34AE-4FB7-A4AF-F587AD3AC3F5}.Release|iPhone.ActiveCfg = Release|Any CPU
		{B6EFDCB7-34AE-4FB7-A4AF-F587AD3AC3F5}.Release|iPhone.Build.0 = Release|Any CPU
		{B6EFDCB7-34AE-4FB7-A4AF-F587AD3AC3F5}.Release|iPhone.Deploy.0 = Release|Any CPU
		{B6EFDCB7-34AE-4FB7-A4AF-F587AD3AC3F5}.Release|iPhoneSimulator.ActiveCfg = Release|Any CPU
		{B6EFDCB7-34AE-4FB7-A4AF-F587AD3AC3F5}.Release|iPhoneSimulator.Build.0 = Release|Any CPU
		{B6EFDCB7-34AE-4FB7-A4AF-F587AD3AC3F5}.Release|iPhoneSimulator.Deploy.0 = Release|Any CPU
		{B6EFDCB7-34AE-4FB7-A4AF-F587AD3AC3F5}.Release|x64.ActiveCfg = Release|Any CPU
		{B6EFDCB7-34AE-4FB7-A4AF-F587AD3AC3F5}.Release|x64.Build.0 = Release|Any CPU
		{B6EFDCB7-34AE-4FB7-A4AF-F587AD3AC3F5}.Release|x64.Deploy.0 = Release|Any CPU
		{B6EFDCB7-34AE-4FB7-A4AF-F587AD3AC3F5}.Release|x86.ActiveCfg = Release|Any CPU
		{B6EFDCB7-34AE-4FB7-A4AF-F587AD3AC3F5}.Release|x86.Build.0 = Release|Any CPU
		{B6EFDCB7-34AE-4FB7-A4AF-F587AD3AC3F5}.Release|x86.Deploy.0 = Release|Any CPU
	EndGlobalSection
	GlobalSection(SolutionProperties) = preSolution
		HideSolutionNode = FALSE
	EndGlobalSection
	GlobalSection(ExtensibilityGlobals) = postSolution
		SolutionGuid = {469EAD2E-77E9-440B-8447-7F157C6F6FF0}
	EndGlobalSection
EndGlobal
